
Microsoft Visual Studio Solution File, Format Version 12.00
# Visual Studio 2013
VisualStudioVersion = 12.0.40629.0
MinimumVisualStudioVersion = 10.0.40219.1
Project("{FAE04EC0-301F-11D3-BF4B-00C04F79EFBC}") = "PeterPiper", "PeterPiper\PeterPiper.csproj", "{25AB1577-FF72-4F41-B1E4-5E3ADE7995EA}"
EndProject
Project("{2150E333-8FDC-42A3-9474-1A3956D46DE8}") = "Solution Items", "Solution Items", "{CC3C1D92-FBF7-4E87-B3A3-29E0CD2A3BCE}"
	ProjectSection(SolutionItems) = preProject
		Local.testsettings = Local.testsettings
		PeterPiper.vsmdi = PeterPiper.vsmdi
		TraceAndTestImpact.testsettings = TraceAndTestImpact.testsettings
	EndProjectSection
EndProject
Project("{FAE04EC0-301F-11D3-BF4B-00C04F79EFBC}") = "TestPeterPiper", "TestPeterPiper\TestPeterPiper.csproj", "{1DE12433-6E94-441E-82CC-23429D0FD443}"
EndProject
Project("{2150E333-8FDC-42A3-9474-1A3956D46DE8}") = ".nuget", ".nuget", "{5CD5037E-59DB-452E-9C00-8436BBEC399C}"
EndProject
Project("{2150E333-8FDC-42A3-9474-1A3956D46DE8}") = "Documentation", "Documentation", "{C0CEFFBF-CB7B-461A-AB1B-D94ADED5F08B}"
	ProjectSection(SolutionItems) = preProject
		Element.mkd = Element.mkd
		Home.mkd = Home.mkd
		Message.mkd = Message.mkd
		Segment.mkd = Segment.mkd
	EndProjectSection
EndProject
Project("{2150E333-8FDC-42A3-9474-1A3956D46DE8}") = "Images", "Images", "{91D0092A-C543-4926-9257-300C2A0601BC}"
EndProject
Global
	GlobalSection(SolutionConfigurationPlatforms) = preSolution
		Debug|Any CPU = Debug|Any CPU
		Release|Any CPU = Release|Any CPU
	EndGlobalSection
	GlobalSection(ProjectConfigurationPlatforms) = postSolution
		{25AB1577-FF72-4F41-B1E4-5E3ADE7995EA}.Debug|Any CPU.ActiveCfg = Debug|Any CPU
		{25AB1577-FF72-4F41-B1E4-5E3ADE7995EA}.Debug|Any CPU.Build.0 = Debug|Any CPU
		{25AB1577-FF72-4F41-B1E4-5E3ADE7995EA}.Release|Any CPU.ActiveCfg = Release|Any CPU
		{25AB1577-FF72-4F41-B1E4-5E3ADE7995EA}.Release|Any CPU.Build.0 = Release|Any CPU
		{1DE12433-6E94-441E-82CC-23429D0FD443}.Debug|Any CPU.ActiveCfg = Debug|Any CPU
		{1DE12433-6E94-441E-82CC-23429D0FD443}.Debug|Any CPU.Build.0 = Debug|Any CPU
		{1DE12433-6E94-441E-82CC-23429D0FD443}.Release|Any CPU.ActiveCfg = Release|Any CPU
		{1DE12433-6E94-441E-82CC-23429D0FD443}.Release|Any CPU.Build.0 = Release|Any CPU
	EndGlobalSection
	GlobalSection(SolutionProperties) = preSolution
		HideSolutionNode = FALSE
	EndGlobalSection
	GlobalSection(NestedProjects) = preSolution
		{91D0092A-C543-4926-9257-300C2A0601BC} = {C0CEFFBF-CB7B-461A-AB1B-D94ADED5F08B}
	EndGlobalSection
	GlobalSection(TestCaseManagementSettings) = postSolution
		CategoryFile = PeterPiper.vsmdi
	EndGlobalSection
EndGlobal
